
Microsoft Visual Studio Solution File, Format Version 12.00
# Visual Studio Version 16
VisualStudioVersion = 16.0.32602.291
MinimumVisualStudioVersion = 10.0.40219.1
Project("{FAE04EC0-301F-11D3-BF4B-00C04F79EFBC}") = "OOP1", "OOP1\OOP1.csproj", "{59AA9A70-E361-4098-A9E2-D69CBBDBE5FE}"
EndProject
Global
	GlobalSection(SolutionConfigurationPlatforms) = preSolution
		Debug|Any CPU = Debug|Any CPU
		Release|Any CPU = Release|Any CPU
	EndGlobalSection
	GlobalSection(ProjectConfigurationPlatforms) = postSolution
		{59AA9A70-E361-4098-A9E2-D69CBBDBE5FE}.Debug|Any CPU.ActiveCfg = Debug|Any CPU
		{59AA9A70-E361-4098-A9E2-D69CBBDBE5FE}.Debug|Any CPU.Build.0 = Debug|Any CPU
		{59AA9A70-E361-4098-A9E2-D69CBBDBE5FE}.Release|Any CPU.ActiveCfg = Release|Any CPU
		{59AA9A70-E361-4098-A9E2-D69CBBDBE5FE}.Release|Any CPU.Build.0 = Release|Any CPU
	EndGlobalSection
	GlobalSection(SolutionProperties) = preSolution
		HideSolutionNode = FALSE
	EndGlobalSection
	GlobalSection(ExtensibilityGlobals) = postSolution
		SolutionGuid = {94363C6C-C193-44F4-A649-E3FF1B6F83CC}
	EndGlobalSection
EndGlobal
